
Microsoft Visual Studio Solution File, Format Version 12.00
# Visual Studio Version 17
VisualStudioVersion = 17.7.34009.444
MinimumVisualStudioVersion = 10.0.40219.1
Project("{FAE04EC0-301F-11D3-BF4B-00C04F79EFBC}") = "NextLevel-Bootcamp-FinalWork", "..\NextLevel-Bootcamp\NextLevel-Bootcamp-FinalWork.csproj", "{32D26C8A-7752-40FC-B4CC-24B6E4A4B77C}"
EndProject
Global
	GlobalSection(SolutionConfigurationPlatforms) = preSolution
		Debug|Any CPU = Debug|Any CPU
		Release|Any CPU = Release|Any CPU
	EndGlobalSection
	GlobalSection(ProjectConfigurationPlatforms) = postSolution
		{32D26C8A-7752-40FC-B4CC-24B6E4A4B77C}.Debug|Any CPU.ActiveCfg = Debug|Any CPU
		{32D26C8A-7752-40FC-B4CC-24B6E4A4B77C}.Debug|Any CPU.Build.0 = Debug|Any CPU
		{32D26C8A-7752-40FC-B4CC-24B6E4A4B77C}.Release|Any CPU.ActiveCfg = Release|Any CPU
		{32D26C8A-7752-40FC-B4CC-24B6E4A4B77C}.Release|Any CPU.Build.0 = Release|Any CPU
	EndGlobalSection
	GlobalSection(SolutionProperties) = preSolution
		HideSolutionNode = FALSE
	EndGlobalSection
	GlobalSection(ExtensibilityGlobals) = postSolution
		SolutionGuid = {6D56AD44-7698-4114-AEDC-28263C4AB4C3}
	EndGlobalSection
EndGlobal
